
Microsoft Visual Studio Solution File, Format Version 12.00
# Visual Studio Version 17
VisualStudioVersion = 17.11.35222.181
MinimumVisualStudioVersion = 10.0.40219.1
Project("{2150E333-8FDC-42A3-9474-1A3956D46DE8}") = "src", "src", "{C1C4C843-9E06-4927-87C3-918DAED462A3}"
EndProject
Project("{2150E333-8FDC-42A3-9474-1A3956D46DE8}") = "tests", "tests", "{B963FE8C-D132-4491-B907-CA4EB87F0D8F}"
EndProject
Project("{9A19103F-16F7-4668-BE54-9A1E7A4F7556}") = "PermissionsApp.Application", "src\PermissionsApp.Application\PermissionsApp.Application.csproj", "{517B148F-CD9D-423F-91CB-1C125D70DE6E}"
EndProject
Project("{9A19103F-16F7-4668-BE54-9A1E7A4F7556}") = "PermissionsApp.Infraestructure", "src\PermissionsApp.Infraestructure\PermissionsApp.Infraestructure.csproj", "{0389788A-EADB-4492-B49D-7E5C7384E7D8}"
EndProject
Project("{9A19103F-16F7-4668-BE54-9A1E7A4F7556}") = "PermissionsApp.Domain", "src\PermissionsApp.Domain\PermissionsApp.Domain.csproj", "{324C0AD7-AE3F-46C9-B9F0-DD1E3B3BA107}"
EndProject
Project("{9A19103F-16F7-4668-BE54-9A1E7A4F7556}") = "PermissionsApp.UnitTests", "tests\PermissionsApp.UnitTests\PermissionsApp.UnitTests.csproj", "{99EEC0B7-598E-4F76-84EF-7F5C944491B5}"
EndProject
Project("{9A19103F-16F7-4668-BE54-9A1E7A4F7556}") = "PermissionsApp.IntegrationTests", "tests\PermissionsApp.IntegrationTests\PermissionsApp.IntegrationTests.csproj", "{88AC1E03-793F-4871-95DD-7008F4CB16AD}"
EndProject
Project("{9A19103F-16F7-4668-BE54-9A1E7A4F7556}") = "PermissionsApp.API", "src\PermissionsApp.Server\PermissionsApp.API.csproj", "{DA16E19D-2008-409F-9FA0-A724B6E3252B}"
EndProject
Project("{54A90642-561A-4BB1-A94E-469ADEE60C69}") = "client", "src\permissionsapp.client\client.esproj", "{49838C9B-EEF4-42AB-B765-5E99291A48BF}"
EndProject
Project("{E53339B2-1760-4266-BCC7-CA923CBCF16C}") = "docker-compose", "docker-compose.dcproj", "{622FAF70-27F4-44B4-96B1-63AB7725EE24}"
EndProject
Global
	GlobalSection(SolutionConfigurationPlatforms) = preSolution
		Debug|Any CPU = Debug|Any CPU
		Release|Any CPU = Release|Any CPU
	EndGlobalSection
	GlobalSection(ProjectConfigurationPlatforms) = postSolution
		{517B148F-CD9D-423F-91CB-1C125D70DE6E}.Debug|Any CPU.ActiveCfg = Debug|Any CPU
		{517B148F-CD9D-423F-91CB-1C125D70DE6E}.Debug|Any CPU.Build.0 = Debug|Any CPU
		{517B148F-CD9D-423F-91CB-1C125D70DE6E}.Release|Any CPU.ActiveCfg = Release|Any CPU
		{517B148F-CD9D-423F-91CB-1C125D70DE6E}.Release|Any CPU.Build.0 = Release|Any CPU
		{0389788A-EADB-4492-B49D-7E5C7384E7D8}.Debug|Any CPU.ActiveCfg = Debug|Any CPU
		{0389788A-EADB-4492-B49D-7E5C7384E7D8}.Debug|Any CPU.Build.0 = Debug|Any CPU
		{0389788A-EADB-4492-B49D-7E5C7384E7D8}.Release|Any CPU.ActiveCfg = Release|Any CPU
		{0389788A-EADB-4492-B49D-7E5C7384E7D8}.Release|Any CPU.Build.0 = Release|Any CPU
		{324C0AD7-AE3F-46C9-B9F0-DD1E3B3BA107}.Debug|Any CPU.ActiveCfg = Debug|Any CPU
		{324C0AD7-AE3F-46C9-B9F0-DD1E3B3BA107}.Debug|Any CPU.Build.0 = Debug|Any CPU
		{324C0AD7-AE3F-46C9-B9F0-DD1E3B3BA107}.Release|Any CPU.ActiveCfg = Release|Any CPU
		{324C0AD7-AE3F-46C9-B9F0-DD1E3B3BA107}.Release|Any CPU.Build.0 = Release|Any CPU
		{99EEC0B7-598E-4F76-84EF-7F5C944491B5}.Debug|Any CPU.ActiveCfg = Debug|Any CPU
		{99EEC0B7-598E-4F76-84EF-7F5C944491B5}.Debug|Any CPU.Build.0 = Debug|Any CPU
		{99EEC0B7-598E-4F76-84EF-7F5C944491B5}.Release|Any CPU.ActiveCfg = Release|Any CPU
		{99EEC0B7-598E-4F76-84EF-7F5C944491B5}.Release|Any CPU.Build.0 = Release|Any CPU
		{88AC1E03-793F-4871-95DD-7008F4CB16AD}.Debug|Any CPU.ActiveCfg = Debug|Any CPU
		{88AC1E03-793F-4871-95DD-7008F4CB16AD}.Debug|Any CPU.Build.0 = Debug|Any CPU
		{88AC1E03-793F-4871-95DD-7008F4CB16AD}.Release|Any CPU.ActiveCfg = Release|Any CPU
		{88AC1E03-793F-4871-95DD-7008F4CB16AD}.Release|Any CPU.Build.0 = Release|Any CPU
		{DA16E19D-2008-409F-9FA0-A724B6E3252B}.Debug|Any CPU.ActiveCfg = Debug|Any CPU
		{DA16E19D-2008-409F-9FA0-A724B6E3252B}.Debug|Any CPU.Build.0 = Debug|Any CPU
		{DA16E19D-2008-409F-9FA0-A724B6E3252B}.Release|Any CPU.ActiveCfg = Release|Any CPU
		{DA16E19D-2008-409F-9FA0-A724B6E3252B}.Release|Any CPU.Build.0 = Release|Any CPU
		{49838C9B-EEF4-42AB-B765-5E99291A48BF}.Debug|Any CPU.ActiveCfg = Debug|Any CPU
		{49838C9B-EEF4-42AB-B765-5E99291A48BF}.Debug|Any CPU.Build.0 = Debug|Any CPU
		{49838C9B-EEF4-42AB-B765-5E99291A48BF}.Debug|Any CPU.Deploy.0 = Debug|Any CPU
		{49838C9B-EEF4-42AB-B765-5E99291A48BF}.Release|Any CPU.ActiveCfg = Release|Any CPU
		{49838C9B-EEF4-42AB-B765-5E99291A48BF}.Release|Any CPU.Build.0 = Release|Any CPU
		{49838C9B-EEF4-42AB-B765-5E99291A48BF}.Release|Any CPU.Deploy.0 = Release|Any CPU
		{622FAF70-27F4-44B4-96B1-63AB7725EE24}.Debug|Any CPU.ActiveCfg = Debug|Any CPU
		{622FAF70-27F4-44B4-96B1-63AB7725EE24}.Debug|Any CPU.Build.0 = Debug|Any CPU
		{622FAF70-27F4-44B4-96B1-63AB7725EE24}.Release|Any CPU.ActiveCfg = Release|Any CPU
		{622FAF70-27F4-44B4-96B1-63AB7725EE24}.Release|Any CPU.Build.0 = Release|Any CPU
	EndGlobalSection
	GlobalSection(SolutionProperties) = preSolution
		HideSolutionNode = FALSE
	EndGlobalSection
	GlobalSection(NestedProjects) = preSolution
		{517B148F-CD9D-423F-91CB-1C125D70DE6E} = {C1C4C843-9E06-4927-87C3-918DAED462A3}
		{0389788A-EADB-4492-B49D-7E5C7384E7D8} = {C1C4C843-9E06-4927-87C3-918DAED462A3}
		{324C0AD7-AE3F-46C9-B9F0-DD1E3B3BA107} = {C1C4C843-9E06-4927-87C3-918DAED462A3}
		{99EEC0B7-598E-4F76-84EF-7F5C944491B5} = {B963FE8C-D132-4491-B907-CA4EB87F0D8F}
		{88AC1E03-793F-4871-95DD-7008F4CB16AD} = {B963FE8C-D132-4491-B907-CA4EB87F0D8F}
		{DA16E19D-2008-409F-9FA0-A724B6E3252B} = {C1C4C843-9E06-4927-87C3-918DAED462A3}
		{49838C9B-EEF4-42AB-B765-5E99291A48BF} = {C1C4C843-9E06-4927-87C3-918DAED462A3}
	EndGlobalSection
	GlobalSection(ExtensibilityGlobals) = postSolution
		SolutionGuid = {BE7D0646-56FF-4C61-B3AE-6E68BE8B8B82}
	EndGlobalSection
EndGlobal
